
Microsoft Visual Studio Solution File, Format Version 12.00
# Visual Studio Version 16
VisualStudioVersion = 16.0.29613.14
MinimumVisualStudioVersion = 10.0.40219.1
Project("{FAE04EC0-301F-11D3-BF4B-00C04F79EFBC}") = "ISRPO_Palashicheva_PR2", "ISRPO_Palashicheva_PR2.csproj", "{6E691F0E-6D5B-4D8E-BC48-4504720019A3}"
EndProject
Global
	GlobalSection(SolutionConfigurationPlatforms) = preSolution
		Debug|Any CPU = Debug|Any CPU
		Release|Any CPU = Release|Any CPU
	EndGlobalSection
	GlobalSection(ProjectConfigurationPlatforms) = postSolution
		{6E691F0E-6D5B-4D8E-BC48-4504720019A3}.Debug|Any CPU.ActiveCfg = Debug|Any CPU
		{6E691F0E-6D5B-4D8E-BC48-4504720019A3}.Debug|Any CPU.Build.0 = Debug|Any CPU
		{6E691F0E-6D5B-4D8E-BC48-4504720019A3}.Release|Any CPU.ActiveCfg = Release|Any CPU
		{6E691F0E-6D5B-4D8E-BC48-4504720019A3}.Release|Any CPU.Build.0 = Release|Any CPU
	EndGlobalSection
	GlobalSection(SolutionProperties) = preSolution
		HideSolutionNode = FALSE
	EndGlobalSection
	GlobalSection(ExtensibilityGlobals) = postSolution
		SolutionGuid = {E34F9935-8658-485C-B39C-664DE4E1AFAC}
	EndGlobalSection
EndGlobal
